// !$*UTF8*$!
{
	archiveVersion = 1;
	classes = {
	};
	objectVersion = 46;
	objects = {

/* Begin PBXBuildFile section */
		BD0FC0CB1B6CC52A0088DD57 /* UIResponder.swift in Sources */ = {isa = PBXBuildFile; fileRef = BD0FC0CA1B6CC52A0088DD57 /* UIResponder.swift */; };
		BD0FC0CD1B6CC9E20088DD57 /* UIView.swift in Sources */ = {isa = PBXBuildFile; fileRef = BD0FC0CC1B6CC9E20088DD57 /* UIView.swift */; };
		BD1CD48F1B4D6A94004B2050 /* ImagePickerBehavior.swift in Sources */ = {isa = PBXBuildFile; fileRef = BD1CD48E1B4D6A94004B2050 /* ImagePickerBehavior.swift */; };
		BD1CD4941B4D809A004B2050 /* Localizable.strings in Resources */ = {isa = PBXBuildFile; fileRef = BD1CD4961B4D809A004B2050 /* Localizable.strings */; };
		BD2D7A0C1BCF7AAD00E61B8C /* PhotoPickerUITests.swift in Sources */ = {isa = PBXBuildFile; fileRef = BD2D7A0B1BCF7AAD00E61B8C /* PhotoPickerUITests.swift */; settings = {ASSET_TAGS = (); }; };
		BD3429691B44E96300C28FA6 /* AppDelegate.swift in Sources */ = {isa = PBXBuildFile; fileRef = BD3429681B44E96300C28FA6 /* AppDelegate.swift */; };
		BD34296B1B44E96300C28FA6 /* MasterViewController.swift in Sources */ = {isa = PBXBuildFile; fileRef = BD34296A1B44E96300C28FA6 /* MasterViewController.swift */; };
		BD34296D1B44E96300C28FA6 /* DetailViewController.swift in Sources */ = {isa = PBXBuildFile; fileRef = BD34296C1B44E96300C28FA6 /* DetailViewController.swift */; };
		BD3429701B44E96300C28FA6 /* Main.storyboard in Resources */ = {isa = PBXBuildFile; fileRef = BD34296E1B44E96300C28FA6 /* Main.storyboard */; };
		BD3429721B44E96300C28FA6 /* Images.xcassets in Resources */ = {isa = PBXBuildFile; fileRef = BD3429711B44E96300C28FA6 /* Images.xcassets */; };
		BD3429751B44E96300C28FA6 /* LaunchScreen.xib in Resources */ = {isa = PBXBuildFile; fileRef = BD3429731B44E96300C28FA6 /* LaunchScreen.xib */; };
		BD51B87A1B454154008309C3 /* Behavior.swift in Sources */ = {isa = PBXBuildFile; fileRef = BD51B8791B454154008309C3 /* Behavior.swift */; };
		BD5892CC1B4ECBD90079A69F /* ManualImagePickerViewController.swift in Sources */ = {isa = PBXBuildFile; fileRef = BD5892CB1B4ECBD90079A69F /* ManualImagePickerViewController.swift */; };
		BD71787D1B7A4068007E52A1 /* TextFieldValidatorBehavior.swift in Sources */ = {isa = PBXBuildFile; fileRef = BD71787C1B7A4068007E52A1 /* TextFieldValidatorBehavior.swift */; };
		BD71787F1B7B36F7007E52A1 /* ValidatorBehavior.swift in Sources */ = {isa = PBXBuildFile; fileRef = BD71787E1B7B36F7007E52A1 /* ValidatorBehavior.swift */; };
		BD77F4431B58D2BA00C609CD /* KeybardScrollBehavior.swift in Sources */ = {isa = PBXBuildFile; fileRef = BD77F4421B58D2BA00C609CD /* KeybardScrollBehavior.swift */; };
		BD7DB39D1B81AD8700E19FDD /* TextFieldValidatorViewController.swift in Sources */ = {isa = PBXBuildFile; fileRef = BD7DB39C1B81AD8700E19FDD /* TextFieldValidatorViewController.swift */; };
		BD7DB39F1B81B30100E19FDD /* TextFieldHighlightingValidatorBehavior.swift in Sources */ = {isa = PBXBuildFile; fileRef = BD7DB39E1B81B30100E19FDD /* TextFieldHighlightingValidatorBehavior.swift */; };
		BDA0AE3A1BCF1DED009231A9 /* BheaviorKitDemoUITests.swift in Sources */ = {isa = PBXBuildFile; fileRef = BDA0AE391BCF1DED009231A9 /* BheaviorKitDemoUITests.swift */; };
/* End PBXBuildFile section */

/* Begin PBXContainerItemProxy section */
		BDA0AE3C1BCF1DED009231A9 /* PBXContainerItemProxy */ = {
			isa = PBXContainerItemProxy;
			containerPortal = BD34295B1B44E96200C28FA6 /* Project object */;
			proxyType = 1;
			remoteGlobalIDString = BD3429621B44E96200C28FA6;
			remoteInfo = BheaviorKitDemo;
		};
/* End PBXContainerItemProxy section */

/* Begin PBXFileReference section */
		0348AD34322E735D9723E36E /* Pods-UI Tests.debug.xcconfig */ = {isa = PBXFileReference; includeInIndex = 1; lastKnownFileType = text.xcconfig; name = "Pods-UI Tests.debug.xcconfig"; path = "Pods/Target Support Files/Pods-UI Tests/Pods-UI Tests.debug.xcconfig"; sourceTree = "<group>"; };
		36A930E83E1B335AA8930F5D /* Pods-UI Tests.release.xcconfig */ = {isa = PBXFileReference; includeInIndex = 1; lastKnownFileType = text.xcconfig; name = "Pods-UI Tests.release.xcconfig"; path = "Pods/Target Support Files/Pods-UI Tests/Pods-UI Tests.release.xcconfig"; sourceTree = "<group>"; };
		A973E2160FA8DA267A03CFC6 /* libPods-UI Tests.a */ = {isa = PBXFileReference; explicitFileType = archive.ar; includeInIndex = 0; path = "libPods-UI Tests.a"; sourceTree = BUILT_PRODUCTS_DIR; };
		BD0FC0CA1B6CC52A0088DD57 /* UIResponder.swift */ = {isa = PBXFileReference; fileEncoding = 4; lastKnownFileType = sourcecode.swift; name = UIResponder.swift; path = BehaviorKit/Keyboard/UIResponder.swift; sourceTree = "<group>"; };
		BD0FC0CC1B6CC9E20088DD57 /* UIView.swift */ = {isa = PBXFileReference; fileEncoding = 4; lastKnownFileType = sourcecode.swift; name = UIView.swift; path = BehaviorKit/Keyboard/UIView.swift; sourceTree = "<group>"; };
		BD1CD48E1B4D6A94004B2050 /* ImagePickerBehavior.swift */ = {isa = PBXFileReference; fileEncoding = 4; lastKnownFileType = sourcecode.swift; name = ImagePickerBehavior.swift; path = BehaviorKit/ImagePickerBehavior.swift; sourceTree = "<group>"; };
		BD1CD4901B4D7FDE004B2050 /* en */ = {isa = PBXFileReference; lastKnownFileType = file.xib; name = en; path = en.lproj/LaunchScreen.xib; sourceTree = "<group>"; };
		BD1CD4911B4D7FDE004B2050 /* en */ = {isa = PBXFileReference; lastKnownFileType = file.storyboard; name = en; path = en.lproj/Main.storyboard; sourceTree = "<group>"; };
		BD1CD4951B4D809A004B2050 /* en */ = {isa = PBXFileReference; lastKnownFileType = text.plist.strings; name = en; path = en.lproj/Localizable.strings; sourceTree = "<group>"; };
		BD1CD4971B4D80AC004B2050 /* ru */ = {isa = PBXFileReference; lastKnownFileType = text.plist.strings; name = ru; path = ru.lproj/Localizable.strings; sourceTree = "<group>"; };
		BD2D7A0B1BCF7AAD00E61B8C /* PhotoPickerUITests.swift */ = {isa = PBXFileReference; fileEncoding = 4; lastKnownFileType = sourcecode.swift; path = PhotoPickerUITests.swift; sourceTree = "<group>"; };
		BD3429631B44E96300C28FA6 /* BheaviorKitDemo.app */ = {isa = PBXFileReference; explicitFileType = wrapper.application; includeInIndex = 0; path = BheaviorKitDemo.app; sourceTree = BUILT_PRODUCTS_DIR; };
		BD3429671B44E96300C28FA6 /* Info.plist */ = {isa = PBXFileReference; lastKnownFileType = text.plist.xml; path = Info.plist; sourceTree = "<group>"; };
		BD3429681B44E96300C28FA6 /* AppDelegate.swift */ = {isa = PBXFileReference; lastKnownFileType = sourcecode.swift; path = AppDelegate.swift; sourceTree = "<group>"; };
		BD34296A1B44E96300C28FA6 /* MasterViewController.swift */ = {isa = PBXFileReference; lastKnownFileType = sourcecode.swift; path = MasterViewController.swift; sourceTree = "<group>"; };
		BD34296C1B44E96300C28FA6 /* DetailViewController.swift */ = {isa = PBXFileReference; lastKnownFileType = sourcecode.swift; path = DetailViewController.swift; sourceTree = "<group>"; };
		BD3429711B44E96300C28FA6 /* Images.xcassets */ = {isa = PBXFileReference; lastKnownFileType = folder.assetcatalog; path = Images.xcassets; sourceTree = "<group>"; };
		BD51B8791B454154008309C3 /* Behavior.swift */ = {isa = PBXFileReference; fileEncoding = 4; lastKnownFileType = sourcecode.swift; name = Behavior.swift; path = BehaviorKit/Behavior.swift; sourceTree = "<group>"; };
		BD5892CB1B4ECBD90079A69F /* ManualImagePickerViewController.swift */ = {isa = PBXFileReference; fileEncoding = 4; lastKnownFileType = sourcecode.swift; path = ManualImagePickerViewController.swift; sourceTree = "<group>"; };
		BD71787C1B7A4068007E52A1 /* TextFieldValidatorBehavior.swift */ = {isa = PBXFileReference; fileEncoding = 4; lastKnownFileType = sourcecode.swift; name = TextFieldValidatorBehavior.swift; path = BehaviorKit/TextFieldValidators/TextFieldValidatorBehavior.swift; sourceTree = "<group>"; };
		BD71787E1B7B36F7007E52A1 /* ValidatorBehavior.swift */ = {isa = PBXFileReference; fileEncoding = 4; lastKnownFileType = sourcecode.swift; name = ValidatorBehavior.swift; path = BehaviorKit/ValidatorBehavior.swift; sourceTree = "<group>"; };
		BD77F4421B58D2BA00C609CD /* KeybardScrollBehavior.swift */ = {isa = PBXFileReference; fileEncoding = 4; lastKnownFileType = sourcecode.swift; name = KeybardScrollBehavior.swift; path = BehaviorKit/Keyboard/KeybardScrollBehavior.swift; sourceTree = "<group>"; };
		BD7DB39C1B81AD8700E19FDD /* TextFieldValidatorViewController.swift */ = {isa = PBXFileReference; fileEncoding = 4; lastKnownFileType = sourcecode.swift; name = TextFieldValidatorViewController.swift; path = ViewControllers/TextFieldValidatorViewController.swift; sourceTree = "<group>"; };
		BD7DB39E1B81B30100E19FDD /* TextFieldHighlightingValidatorBehavior.swift */ = {isa = PBXFileReference; fileEncoding = 4; lastKnownFileType = sourcecode.swift; name = TextFieldHighlightingValidatorBehavior.swift; path = BehaviorKit/TextFieldValidators/TextFieldHighlightingValidatorBehavior.swift; sourceTree = "<group>"; };
		BDA0AE371BCF1DED009231A9 /* BheaviorKitDemoUITests.xctest */ = {isa = PBXFileReference; explicitFileType = wrapper.cfbundle; includeInIndex = 0; path = BheaviorKitDemoUITests.xctest; sourceTree = BUILT_PRODUCTS_DIR; };
		BDA0AE391BCF1DED009231A9 /* BheaviorKitDemoUITests.swift */ = {isa = PBXFileReference; lastKnownFileType = sourcecode.swift; path = BheaviorKitDemoUITests.swift; sourceTree = "<group>"; };
		BDA0AE3B1BCF1DED009231A9 /* Info.plist */ = {isa = PBXFileReference; lastKnownFileType = text.plist.xml; path = Info.plist; sourceTree = "<group>"; };
/* End PBXFileReference section */

/* Begin PBXFrameworksBuildPhase section */
		BD3429601B44E96200C28FA6 /* Frameworks */ = {
			isa = PBXFrameworksBuildPhase;
			buildActionMask = 2147483647;
			files = (
			);
			runOnlyForDeploymentPostprocessing = 0;
		};
		BDA0AE341BCF1DED009231A9 /* Frameworks */ = {
			isa = PBXFrameworksBuildPhase;
			buildActionMask = 2147483647;
			files = (
			);
			runOnlyForDeploymentPostprocessing = 0;
		};
/* End PBXFrameworksBuildPhase section */

/* Begin PBXGroup section */
		13B53EB2A9DF793740AA000D /* Pods */ = {
			isa = PBXGroup;
			children = (
				0348AD34322E735D9723E36E /* Pods-UI Tests.debug.xcconfig */,
				36A930E83E1B335AA8930F5D /* Pods-UI Tests.release.xcconfig */,
			);
			name = Pods;
			sourceTree = "<group>";
		};
		BD34295A1B44E96200C28FA6 = {
			isa = PBXGroup;
			children = (
				BD3429651B44E96300C28FA6 /* BheaviorKitDemo */,
				BDA0AE381BCF1DED009231A9 /* BheaviorKitDemoUITests */,
				BD3429641B44E96300C28FA6 /* Products */,
				13B53EB2A9DF793740AA000D /* Pods */,
				FCDC35D5DA0608D3CC4833E5 /* Frameworks */,
			);
			sourceTree = "<group>";
		};
		BD3429641B44E96300C28FA6 /* Products */ = {
			isa = PBXGroup;
			children = (
				BD3429631B44E96300C28FA6 /* BheaviorKitDemo.app */,
				BDA0AE371BCF1DED009231A9 /* BheaviorKitDemoUITests.xctest */,
			);
			name = Products;
			sourceTree = "<group>";
		};
		BD3429651B44E96300C28FA6 /* BheaviorKitDemo */ = {
			isa = PBXGroup;
			children = (
				BD7DB39B1B81AD6900E19FDD /* ViewControllers */,
				BD51B8761B454105008309C3 /* BehaviorKit */,
				BD3429681B44E96300C28FA6 /* AppDelegate.swift */,
				BD34296A1B44E96300C28FA6 /* MasterViewController.swift */,
				BD34296C1B44E96300C28FA6 /* DetailViewController.swift */,
				BD34296E1B44E96300C28FA6 /* Main.storyboard */,
				BD3429711B44E96300C28FA6 /* Images.xcassets */,
				BD3429731B44E96300C28FA6 /* LaunchScreen.xib */,
				BD3429661B44E96300C28FA6 /* Supporting Files */,
				BD5892CB1B4ECBD90079A69F /* ManualImagePickerViewController.swift */,
			);
			path = BheaviorKitDemo;
			sourceTree = "<group>";
		};
		BD3429661B44E96300C28FA6 /* Supporting Files */ = {
			isa = PBXGroup;
			children = (
				BD3429671B44E96300C28FA6 /* Info.plist */,
				BD1CD4961B4D809A004B2050 /* Localizable.strings */,
			);
			name = "Supporting Files";
			sourceTree = "<group>";
		};
		BD51B8761B454105008309C3 /* BehaviorKit */ = {
			isa = PBXGroup;
			children = (
				BD77F4411B58D28400C609CD /* Keyboard */,
				BD71787B1B7A4005007E52A1 /* TextFieldValidators */,
				BD51B8791B454154008309C3 /* Behavior.swift */,
				BD1CD48E1B4D6A94004B2050 /* ImagePickerBehavior.swift */,
				BD71787E1B7B36F7007E52A1 /* ValidatorBehavior.swift */,
			);
			name = BehaviorKit;
			sourceTree = "<group>";
		};
		BD71787B1B7A4005007E52A1 /* TextFieldValidators */ = {
			isa = PBXGroup;
			children = (
				BD71787C1B7A4068007E52A1 /* TextFieldValidatorBehavior.swift */,
				BD7DB39E1B81B30100E19FDD /* TextFieldHighlightingValidatorBehavior.swift */,
			);
			name = TextFieldValidators;
			sourceTree = "<group>";
		};
		BD77F4411B58D28400C609CD /* Keyboard */ = {
			isa = PBXGroup;
			children = (
				BD77F4421B58D2BA00C609CD /* KeybardScrollBehavior.swift */,
				BD0FC0CA1B6CC52A0088DD57 /* UIResponder.swift */,
				BD0FC0CC1B6CC9E20088DD57 /* UIView.swift */,
			);
			name = Keyboard;
			sourceTree = "<group>";
		};
		BD7DB39B1B81AD6900E19FDD /* ViewControllers */ = {
			isa = PBXGroup;
			children = (
				BD7DB39C1B81AD8700E19FDD /* TextFieldValidatorViewController.swift */,
			);
			name = ViewControllers;
			sourceTree = "<group>";
		};
		BDA0AE381BCF1DED009231A9 /* BheaviorKitDemoUITests */ = {
			isa = PBXGroup;
			children = (
				BDA0AE391BCF1DED009231A9 /* BheaviorKitDemoUITests.swift */,
				BDA0AE3B1BCF1DED009231A9 /* Info.plist */,
				BD2D7A0B1BCF7AAD00E61B8C /* PhotoPickerUITests.swift */,
			);
			path = BheaviorKitDemoUITests;
			sourceTree = "<group>";
		};
		FCDC35D5DA0608D3CC4833E5 /* Frameworks */ = {
			isa = PBXGroup;
			children = (
				A973E2160FA8DA267A03CFC6 /* libPods-UI Tests.a */,
			);
			name = Frameworks;
			sourceTree = "<group>";
		};
/* End PBXGroup section */

/* Begin PBXNativeTarget section */
		BD3429621B44E96200C28FA6 /* BheaviorKitDemo */ = {
			isa = PBXNativeTarget;
			buildConfigurationList = BD3429841B44E96300C28FA6 /* Build configuration list for PBXNativeTarget "BheaviorKitDemo" */;
			buildPhases = (
				BD34295F1B44E96200C28FA6 /* Sources */,
				BD3429601B44E96200C28FA6 /* Frameworks */,
				BD3429611B44E96200C28FA6 /* Resources */,
			);
			buildRules = (
			);
			dependencies = (
			);
			name = BheaviorKitDemo;
			productName = BheaviorKitDemo;
			productReference = BD3429631B44E96300C28FA6 /* BheaviorKitDemo.app */;
			productType = "com.apple.product-type.application";
		};
		BDA0AE361BCF1DED009231A9 /* BheaviorKitDemoUITests */ = {
			isa = PBXNativeTarget;
			buildConfigurationList = BDA0AE3E1BCF1DED009231A9 /* Build configuration list for PBXNativeTarget "BheaviorKitDemoUITests" */;
			buildPhases = (
				BDA0AE331BCF1DED009231A9 /* Sources */,
				BDA0AE341BCF1DED009231A9 /* Frameworks */,
				BDA0AE351BCF1DED009231A9 /* Resources */,
			);
			buildRules = (
			);
			dependencies = (
				BDA0AE3D1BCF1DED009231A9 /* PBXTargetDependency */,
			);
			name = BheaviorKitDemoUITests;
			productName = BheaviorKitDemoUITests;
			productReference = BDA0AE371BCF1DED009231A9 /* BheaviorKitDemoUITests.xctest */;
			productType = "com.apple.product-type.bundle.ui-testing";
		};
/* End PBXNativeTarget section */

/* Begin PBXProject section */
		BD34295B1B44E96200C28FA6 /* Project object */ = {
			isa = PBXProject;
			attributes = {
				LastSwiftUpdateCheck = 0700;
				LastUpgradeCheck = 0700;
				ORGANIZATIONNAME = MadAppGang;
				TargetAttributes = {
					BD3429621B44E96200C28FA6 = {
						CreatedOnToolsVersion = 6.4;
					};
					BDA0AE361BCF1DED009231A9 = {
						CreatedOnToolsVersion = 7.0.1;
						TestTargetID = BD3429621B44E96200C28FA6;
					};
				};
			};
			buildConfigurationList = BD34295E1B44E96200C28FA6 /* Build configuration list for PBXProject "BheaviorKitDemo" */;
			compatibilityVersion = "Xcode 3.2";
			developmentRegion = English;
			hasScannedForEncodings = 0;
			knownRegions = (
				en,
				ru,
			);
			mainGroup = BD34295A1B44E96200C28FA6;
			productRefGroup = BD3429641B44E96300C28FA6 /* Products */;
			projectDirPath = "";
			projectRoot = "";
			targets = (
				BD3429621B44E96200C28FA6 /* BheaviorKitDemo */,
				BDA0AE361BCF1DED009231A9 /* BheaviorKitDemoUITests */,
			);
		};
/* End PBXProject section */

/* Begin PBXResourcesBuildPhase section */
		BD3429611B44E96200C28FA6 /* Resources */ = {
			isa = PBXResourcesBuildPhase;
			buildActionMask = 2147483647;
			files = (
				BD3429701B44E96300C28FA6 /* Main.storyboard in Resources */,
				BD1CD4941B4D809A004B2050 /* Localizable.strings in Resources */,
				BD3429751B44E96300C28FA6 /* LaunchScreen.xib in Resources */,
				BD3429721B44E96300C28FA6 /* Images.xcassets in Resources */,
			);
			runOnlyForDeploymentPostprocessing = 0;
		};
		BDA0AE351BCF1DED009231A9 /* Resources */ = {
			isa = PBXResourcesBuildPhase;
			buildActionMask = 2147483647;
			files = (
			);
			runOnlyForDeploymentPostprocessing = 0;
		};
/* End PBXResourcesBuildPhase section */

/* Begin PBXSourcesBuildPhase section */
		BD34295F1B44E96200C28FA6 /* Sources */ = {
			isa = PBXSourcesBuildPhase;
			buildActionMask = 2147483647;
			files = (
				BD77F4431B58D2BA00C609CD /* KeybardScrollBehavior.swift in Sources */,
				BD71787F1B7B36F7007E52A1 /* ValidatorBehavior.swift in Sources */,
				BD7DB39F1B81B30100E19FDD /* TextFieldHighlightingValidatorBehavior.swift in Sources */,
				BD34296D1B44E96300C28FA6 /* DetailViewController.swift in Sources */,
				BD71787D1B7A4068007E52A1 /* TextFieldValidatorBehavior.swift in Sources */,
				BD51B87A1B454154008309C3 /* Behavior.swift in Sources */,
				BD5892CC1B4ECBD90079A69F /* ManualImagePickerViewController.swift in Sources */,
				BD0FC0CB1B6CC52A0088DD57 /* UIResponder.swift in Sources */,
				BD34296B1B44E96300C28FA6 /* MasterViewController.swift in Sources */,
				BD1CD48F1B4D6A94004B2050 /* ImagePickerBehavior.swift in Sources */,
				BD0FC0CD1B6CC9E20088DD57 /* UIView.swift in Sources */,
				BD3429691B44E96300C28FA6 /* AppDelegate.swift in Sources */,
				BD7DB39D1B81AD8700E19FDD /* TextFieldValidatorViewController.swift in Sources */,
			);
			runOnlyForDeploymentPostprocessing = 0;
		};
		BDA0AE331BCF1DED009231A9 /* Sources */ = {
			isa = PBXSourcesBuildPhase;
			buildActionMask = 2147483647;
			files = (
				BD2D7A0C1BCF7AAD00E61B8C /* PhotoPickerUITests.swift in Sources */,
				BDA0AE3A1BCF1DED009231A9 /* BheaviorKitDemoUITests.swift in Sources */,
			);
			runOnlyForDeploymentPostprocessing = 0;
		};
/* End PBXSourcesBuildPhase section */

/* Begin PBXTargetDependency section */
		BDA0AE3D1BCF1DED009231A9 /* PBXTargetDependency */ = {
			isa = PBXTargetDependency;
			target = BD3429621B44E96200C28FA6 /* BheaviorKitDemo */;
			targetProxy = BDA0AE3C1BCF1DED009231A9 /* PBXContainerItemProxy */;
		};
/* End PBXTargetDependency section */

/* Begin PBXVariantGroup section */
		BD1CD4961B4D809A004B2050 /* Localizable.strings */ = {
			isa = PBXVariantGroup;
			children = (
				BD1CD4951B4D809A004B2050 /* en */,
				BD1CD4971B4D80AC004B2050 /* ru */,
			);
			name = Localizable.strings;
			sourceTree = "<group>";
		};
		BD34296E1B44E96300C28FA6 /* Main.storyboard */ = {
			isa = PBXVariantGroup;
			children = (
				BD1CD4911B4D7FDE004B2050 /* en */,
			);
			name = Main.storyboard;
			sourceTree = "<group>";
		};
		BD3429731B44E96300C28FA6 /* LaunchScreen.xib */ = {
			isa = PBXVariantGroup;
			children = (
				BD1CD4901B4D7FDE004B2050 /* en */,
			);
			name = LaunchScreen.xib;
			sourceTree = "<group>";
		};
/* End PBXVariantGroup section */

/* Begin XCBuildConfiguration section */
		BD3429821B44E96300C28FA6 /* Debug */ = {
			isa = XCBuildConfiguration;
			buildSettings = {
				ALWAYS_SEARCH_USER_PATHS = NO;
				CLANG_CXX_LANGUAGE_STANDARD = "gnu++0x";
				CLANG_CXX_LIBRARY = "libc++";
				CLANG_ENABLE_MODULES = YES;
				CLANG_ENABLE_OBJC_ARC = YES;
				CLANG_WARN_BOOL_CONVERSION = YES;
				CLANG_WARN_CONSTANT_CONVERSION = YES;
				CLANG_WARN_DIRECT_OBJC_ISA_USAGE = YES_ERROR;
				CLANG_WARN_EMPTY_BODY = YES;
				CLANG_WARN_ENUM_CONVERSION = YES;
				CLANG_WARN_INT_CONVERSION = YES;
				CLANG_WARN_OBJC_ROOT_CLASS = YES_ERROR;
				CLANG_WARN_UNREACHABLE_CODE = YES;
				CLANG_WARN__DUPLICATE_METHOD_MATCH = YES;
				"CODE_SIGN_IDENTITY[sdk=iphoneos*]" = "iPhone Developer";
				COPY_PHASE_STRIP = NO;
				DEBUG_INFORMATION_FORMAT = "dwarf-with-dsym";
				ENABLE_STRICT_OBJC_MSGSEND = YES;
				ENABLE_TESTABILITY = YES;
				GCC_C_LANGUAGE_STANDARD = gnu99;
				GCC_DYNAMIC_NO_PIC = NO;
				GCC_NO_COMMON_BLOCKS = YES;
				GCC_OPTIMIZATION_LEVEL = 0;
				GCC_PREPROCESSOR_DEFINITIONS = (
					"DEBUG=1",
					"$(inherited)",
				);
				GCC_SYMBOLS_PRIVATE_EXTERN = NO;
				GCC_WARN_64_TO_32_BIT_CONVERSION = YES;
				GCC_WARN_ABOUT_RETURN_TYPE = YES_ERROR;
				GCC_WARN_UNDECLARED_SELECTOR = YES;
				GCC_WARN_UNINITIALIZED_AUTOS = YES_AGGRESSIVE;
				GCC_WARN_UNUSED_FUNCTION = YES;
				GCC_WARN_UNUSED_VARIABLE = YES;
				IPHONEOS_DEPLOYMENT_TARGET = 8.4;
				MTL_ENABLE_DEBUG_INFO = YES;
				ONLY_ACTIVE_ARCH = YES;
				SDKROOT = iphoneos;
				SWIFT_OPTIMIZATION_LEVEL = "-Onone";
			};
			name = Debug;
		};
		BD3429831B44E96300C28FA6 /* Release */ = {
			isa = XCBuildConfiguration;
			buildSettings = {
				ALWAYS_SEARCH_USER_PATHS = NO;
				CLANG_CXX_LANGUAGE_STANDARD = "gnu++0x";
				CLANG_CXX_LIBRARY = "libc++";
				CLANG_ENABLE_MODULES = YES;
				CLANG_ENABLE_OBJC_ARC = YES;
				CLANG_WARN_BOOL_CONVERSION = YES;
				CLANG_WARN_CONSTANT_CONVERSION = YES;
				CLANG_WARN_DIRECT_OBJC_ISA_USAGE = YES_ERROR;
				CLANG_WARN_EMPTY_BODY = YES;
				CLANG_WARN_ENUM_CONVERSION = YES;
				CLANG_WARN_INT_CONVERSION = YES;
				CLANG_WARN_OBJC_ROOT_CLASS = YES_ERROR;
				CLANG_WARN_UNREACHABLE_CODE = YES;
				CLANG_WARN__DUPLICATE_METHOD_MATCH = YES;
				"CODE_SIGN_IDENTITY[sdk=iphoneos*]" = "iPhone Developer";
				COPY_PHASE_STRIP = NO;
				DEBUG_INFORMATION_FORMAT = "dwarf-with-dsym";
				ENABLE_NS_ASSERTIONS = NO;
				ENABLE_STRICT_OBJC_MSGSEND = YES;
				GCC_C_LANGUAGE_STANDARD = gnu99;
				GCC_NO_COMMON_BLOCKS = YES;
				GCC_WARN_64_TO_32_BIT_CONVERSION = YES;
				GCC_WARN_ABOUT_RETURN_TYPE = YES_ERROR;
				GCC_WARN_UNDECLARED_SELECTOR = YES;
				GCC_WARN_UNINITIALIZED_AUTOS = YES_AGGRESSIVE;
				GCC_WARN_UNUSED_FUNCTION = YES;
				GCC_WARN_UNUSED_VARIABLE = YES;
				IPHONEOS_DEPLOYMENT_TARGET = 8.4;
				MTL_ENABLE_DEBUG_INFO = NO;
				SDKROOT = iphoneos;
				VALIDATE_PRODUCT = YES;
			};
			name = Release;
		};
		BD3429851B44E96300C28FA6 /* Debug */ = {
			isa = XCBuildConfiguration;
			buildSettings = {
				ASSETCATALOG_COMPILER_APPICON_NAME = AppIcon;
				INFOPLIST_FILE = BheaviorKitDemo/Info.plist;
				LD_RUNPATH_SEARCH_PATHS = "$(inherited) @executable_path/Frameworks";
				PRODUCT_BUNDLE_IDENTIFIER = "com.madappgang.$(PRODUCT_NAME:rfc1034identifier)";
				PRODUCT_NAME = "$(TARGET_NAME)";
			};
			name = Debug;
		};
		BD3429861B44E96300C28FA6 /* Release */ = {
			isa = XCBuildConfiguration;
			buildSettings = {
				ASSETCATALOG_COMPILER_APPICON_NAME = AppIcon;
				INFOPLIST_FILE = BheaviorKitDemo/Info.plist;
				LD_RUNPATH_SEARCH_PATHS = "$(inherited) @executable_path/Frameworks";
				PRODUCT_BUNDLE_IDENTIFIER = "com.madappgang.$(PRODUCT_NAME:rfc1034identifier)";
				PRODUCT_NAME = "$(TARGET_NAME)";
			};
			name = Release;
		};
		BDA0AE3F1BCF1DED009231A9 /* Debug */ = {
			isa = XCBuildConfiguration;
			buildSettings = {
				DEBUG_INFORMATION_FORMAT = dwarf;
				INFOPLIST_FILE = BheaviorKitDemoUITests/Info.plist;
				IPHONEOS_DEPLOYMENT_TARGET = 9.0;
				LD_RUNPATH_SEARCH_PATHS = "$(inherited) @executable_path/Frameworks @loader_path/Frameworks";
				PRODUCT_BUNDLE_IDENTIFIER = com.madappgang.BheaviorKitDemoUITests;
				PRODUCT_NAME = "$(TARGET_NAME)";
				TEST_TARGET_NAME = BheaviorKitDemo;
				USES_XCTRUNNER = YES;
			};
			name = Debug;
		};
		BDA0AE401BCF1DED009231A9 /* Release */ = {
			isa = XCBuildConfiguration;
			buildSettings = {
				INFOPLIST_FILE = BheaviorKitDemoUITests/Info.plist;
				IPHONEOS_DEPLOYMENT_TARGET = 9.0;
				LD_RUNPATH_SEARCH_PATHS = "$(inherited) @executable_path/Frameworks @loader_path/Frameworks";
				PRODUCT_BUNDLE_IDENTIFIER = com.madappgang.BheaviorKitDemoUITests;
				PRODUCT_NAME = "$(TARGET_NAME)";
				TEST_TARGET_NAME = BheaviorKitDemo;
				USES_XCTRUNNER = YES;
			};
			name = Release;
		};
/* End XCBuildConfiguration section */

/* Begin XCConfigurationList section */
		BD34295E1B44E96200C28FA6 /* Build configuration list for PBXProject "BheaviorKitDemo" */ = {
			isa = XCConfigurationList;
			buildConfigurations = (
				BD3429821B44E96300C28FA6 /* Debug */,
				BD3429831B44E96300C28FA6 /* Release */,
			);
			defaultConfigurationIsVisible = 0;
			defaultConfigurationName = Release;
		};
		BD3429841B44E96300C28FA6 /* Build configuration list for PBXNativeTarget "BheaviorKitDemo" */ = {
			isa = XCConfigurationList;
			buildConfigurations = (
				BD3429851B44E96300C28FA6 /* Debug */,
				BD3429861B44E96300C28FA6 /* Release */,
			);
			defaultConfigurationIsVisible = 0;
			defaultConfigurationName = Release;
		};
		BDA0AE3E1BCF1DED009231A9 /* Build configuration list for PBXNativeTarget "BheaviorKitDemoUITests" */ = {
			isa = XCConfigurationList;
			buildConfigurations = (
				BDA0AE3F1BCF1DED009231A9 /* Debug */,
				BDA0AE401BCF1DED009231A9 /* Release */,
			);
			defaultConfigurationIsVisible = 0;
			defaultConfigurationName = Release;
		};
/* End XCConfigurationList section */
	};
	rootObject = BD34295B1B44E96200C28FA6 /* Project object */;
}
